
Microsoft Visual Studio Solution File, Format Version 12.00
# Visual Studio Version 17
VisualStudioVersion = 17.5.33516.290
MinimumVisualStudioVersion = 10.0.40219.1
Project("{FAE04EC0-301F-11D3-BF4B-00C04F79EFBC}") = "MemoryStreams", "MemoryStreams\MemoryStreams.csproj", "{C0779D2A-639F-4597-9B29-70B701C3F9C3}"
EndProject
Global
	GlobalSection(SolutionConfigurationPlatforms) = preSolution
		Debug|Any CPU = Debug|Any CPU
		Release|Any CPU = Release|Any CPU
	EndGlobalSection
	GlobalSection(ProjectConfigurationPlatforms) = postSolution
		{C0779D2A-639F-4597-9B29-70B701C3F9C3}.Debug|Any CPU.ActiveCfg = Debug|Any CPU
		{C0779D2A-639F-4597-9B29-70B701C3F9C3}.Debug|Any CPU.Build.0 = Debug|Any CPU
		{C0779D2A-639F-4597-9B29-70B701C3F9C3}.Release|Any CPU.ActiveCfg = Release|Any CPU
		{C0779D2A-639F-4597-9B29-70B701C3F9C3}.Release|Any CPU.Build.0 = Release|Any CPU
	EndGlobalSection
	GlobalSection(SolutionProperties) = preSolution
		HideSolutionNode = FALSE
	EndGlobalSection
	GlobalSection(ExtensibilityGlobals) = postSolution
		SolutionGuid = {FBF650E5-764E-4324-B0EE-9981C3D2E8D0}
	EndGlobalSection
EndGlobal
