
Microsoft Visual Studio Solution File, Format Version 12.00
# Visual Studio Version 17
VisualStudioVersion = 17.5.33516.290
MinimumVisualStudioVersion = 10.0.40219.1
Project("{9A19103F-16F7-4668-BE54-9A1E7A4F7556}") = "AplicacionMembresiaClub", "AplicacionMembresiaClub\AplicacionMembresiaClub.csproj", "{5CA337F9-1EEC-4536-807E-D22C4996D70A}"
EndProject
Project("{FAE04EC0-301F-11D3-BF4B-00C04F79EFBC}") = "ValidadorCamposAPI", "ValidadorCamposAPI\ValidadorCamposAPI.csproj", "{8E29512E-C945-40E9-8BA5-6473EDCB9A28}"
EndProject
Global
	GlobalSection(SolutionConfigurationPlatforms) = preSolution
		Debug|Any CPU = Debug|Any CPU
		Release|Any CPU = Release|Any CPU
	EndGlobalSection
	GlobalSection(ProjectConfigurationPlatforms) = postSolution
		{5CA337F9-1EEC-4536-807E-D22C4996D70A}.Debug|Any CPU.ActiveCfg = Debug|Any CPU
		{5CA337F9-1EEC-4536-807E-D22C4996D70A}.Debug|Any CPU.Build.0 = Debug|Any CPU
		{5CA337F9-1EEC-4536-807E-D22C4996D70A}.Release|Any CPU.ActiveCfg = Release|Any CPU
		{5CA337F9-1EEC-4536-807E-D22C4996D70A}.Release|Any CPU.Build.0 = Release|Any CPU
		{8E29512E-C945-40E9-8BA5-6473EDCB9A28}.Debug|Any CPU.ActiveCfg = Debug|Any CPU
		{8E29512E-C945-40E9-8BA5-6473EDCB9A28}.Debug|Any CPU.Build.0 = Debug|Any CPU
		{8E29512E-C945-40E9-8BA5-6473EDCB9A28}.Release|Any CPU.ActiveCfg = Release|Any CPU
		{8E29512E-C945-40E9-8BA5-6473EDCB9A28}.Release|Any CPU.Build.0 = Release|Any CPU
	EndGlobalSection
	GlobalSection(SolutionProperties) = preSolution
		HideSolutionNode = FALSE
	EndGlobalSection
	GlobalSection(ExtensibilityGlobals) = postSolution
		SolutionGuid = {2727F5E4-F918-493F-837E-D595DC6F4032}
	EndGlobalSection
EndGlobal
