
Microsoft Visual Studio Solution File, Format Version 12.00
# Visual Studio Version 17
VisualStudioVersion = 17.5.33516.290
MinimumVisualStudioVersion = 10.0.40219.1
Project("{FAE04EC0-301F-11D3-BF4B-00C04F79EFBC}") = "EmployeeApplication", "EmployeeApplication\EmployeeApplication.csproj", "{9B7E5959-37C8-471C-8068-ED8355566287}"
EndProject
Project("{FAE04EC0-301F-11D3-BF4B-00C04F79EFBC}") = "EmployeeComponent", "EmployeeComponent\EmployeeComponent.csproj", "{9C8D6655-D92C-4A68-AB63-428FB57D3F7E}"
EndProject
Global
	GlobalSection(SolutionConfigurationPlatforms) = preSolution
		Debug|Any CPU = Debug|Any CPU
		Release|Any CPU = Release|Any CPU
	EndGlobalSection
	GlobalSection(ProjectConfigurationPlatforms) = postSolution
		{9B7E5959-37C8-471C-8068-ED8355566287}.Debug|Any CPU.ActiveCfg = Debug|Any CPU
		{9B7E5959-37C8-471C-8068-ED8355566287}.Debug|Any CPU.Build.0 = Debug|Any CPU
		{9B7E5959-37C8-471C-8068-ED8355566287}.Release|Any CPU.ActiveCfg = Release|Any CPU
		{9B7E5959-37C8-471C-8068-ED8355566287}.Release|Any CPU.Build.0 = Release|Any CPU
		{9C8D6655-D92C-4A68-AB63-428FB57D3F7E}.Debug|Any CPU.ActiveCfg = Debug|Any CPU
		{9C8D6655-D92C-4A68-AB63-428FB57D3F7E}.Debug|Any CPU.Build.0 = Debug|Any CPU
		{9C8D6655-D92C-4A68-AB63-428FB57D3F7E}.Release|Any CPU.ActiveCfg = Release|Any CPU
		{9C8D6655-D92C-4A68-AB63-428FB57D3F7E}.Release|Any CPU.Build.0 = Release|Any CPU
	EndGlobalSection
	GlobalSection(SolutionProperties) = preSolution
		HideSolutionNode = FALSE
	EndGlobalSection
	GlobalSection(ExtensibilityGlobals) = postSolution
		SolutionGuid = {6182F65C-16C2-411D-8A25-7AFCF01113E5}
	EndGlobalSection
EndGlobal
